
Microsoft Visual Studio Solution File, Format Version 12.00
# Visual Studio Version 17
VisualStudioVersion = 17.11.35219.272
MinimumVisualStudioVersion = 10.0.40219.1
Project("{FAE04EC0-301F-11D3-BF4B-00C04F79EFBC}") = "Kapitel 3 uppgift 3.5", "Kapitel 3 uppgift 3.5\Kapitel 3 uppgift 3.5.csproj", "{8A35094B-A97A-4F64-9387-883B9A68C778}"
EndProject
Global
	GlobalSection(SolutionConfigurationPlatforms) = preSolution
		Debug|Any CPU = Debug|Any CPU
		Release|Any CPU = Release|Any CPU
	EndGlobalSection
	GlobalSection(ProjectConfigurationPlatforms) = postSolution
		{8A35094B-A97A-4F64-9387-883B9A68C778}.Debug|Any CPU.ActiveCfg = Debug|Any CPU
		{8A35094B-A97A-4F64-9387-883B9A68C778}.Debug|Any CPU.Build.0 = Debug|Any CPU
		{8A35094B-A97A-4F64-9387-883B9A68C778}.Release|Any CPU.ActiveCfg = Release|Any CPU
		{8A35094B-A97A-4F64-9387-883B9A68C778}.Release|Any CPU.Build.0 = Release|Any CPU
	EndGlobalSection
	GlobalSection(SolutionProperties) = preSolution
		HideSolutionNode = FALSE
	EndGlobalSection
	GlobalSection(ExtensibilityGlobals) = postSolution
		SolutionGuid = {CCCB93F4-2CB3-4779-A7F5-112A953CA75D}
	EndGlobalSection
EndGlobal
